
Microsoft Visual Studio Solution File, Format Version 12.00
# Visual Studio Version 17
VisualStudioVersion = 17.3.32929.385
MinimumVisualStudioVersion = 10.0.40219.1
Project("{FAE04EC0-301F-11D3-BF4B-00C04F79EFBC}") = "Tic-Tac-Toe Version4", "Tic-Tac-Toe Version4\Tic-Tac-Toe Version4.csproj", "{FABEF8F8-4106-4337-8F3D-6CC8C972F7AA}"
EndProject
Global
	GlobalSection(SolutionConfigurationPlatforms) = preSolution
		Debug|Any CPU = Debug|Any CPU
		Release|Any CPU = Release|Any CPU
	EndGlobalSection
	GlobalSection(ProjectConfigurationPlatforms) = postSolution
		{FABEF8F8-4106-4337-8F3D-6CC8C972F7AA}.Debug|Any CPU.ActiveCfg = Debug|Any CPU
		{FABEF8F8-4106-4337-8F3D-6CC8C972F7AA}.Debug|Any CPU.Build.0 = Debug|Any CPU
		{FABEF8F8-4106-4337-8F3D-6CC8C972F7AA}.Release|Any CPU.ActiveCfg = Release|Any CPU
		{FABEF8F8-4106-4337-8F3D-6CC8C972F7AA}.Release|Any CPU.Build.0 = Release|Any CPU
	EndGlobalSection
	GlobalSection(SolutionProperties) = preSolution
		HideSolutionNode = FALSE
	EndGlobalSection
	GlobalSection(ExtensibilityGlobals) = postSolution
		SolutionGuid = {B224A082-56BE-4A8B-A7C0-E457ECABEA5E}
	EndGlobalSection
EndGlobal
